# THIS IS AN AUTOGENERATED FILE. DO NOT EDIT THIS FILE DIRECTLY.
# yarn lockfile v1


"@types/ramda@^0.26.3":
  version "0.26.3"
  resolved "http://registry.npm.taobao.org/@types/ramda/download/@types/ramda-0.26.3.tgz#e6c35cb0a75843c9cfe58e0be294ffbc4480f33e"
  integrity sha1-5sNcsKdYQ8nP5Y4L4pT/vESA8z4=

prettier@^1.16.4:
  version "1.16.4"
  resolved "http://registry.npm.taobao.org/prettier/download/prettier-1.16.4.tgz#73e37e73e018ad2db9c76742e2647e21790c9717"
  integrity sha1-c+N+c+AYrS25x2dC4mR+IXkMlxc=

ramda@^0.26.1:
  version "0.26.1"
  resolved "http://registry.npm.taobao.org/ramda/download/ramda-0.26.1.tgz#8d41351eb8111c55353617fc3bbffad8e4d35d06"
  integrity sha1-jUE1HrgRHFU1Nhf8O7/62OTTXQY=
